[[packages]]
id = 'jmanuel1/sustainability-modeling-and-simulation@dir+E:\windows\Jason\Documents\GitHub\sustainability-modeling-and-simulation'
version = '0.1.0'

[[packages.dependencies]]
id = 'legacy/probability@git+https://github.com/lambdacasserole/probability#4fdba1dd9ae8dbfebcb135f6cf3ce996784101f5'
version = '0.0.0'

[[packages]]
id = 'legacy/probability@git+https://github.com/lambdacasserole/probability#4fdba1dd9ae8dbfebcb135f6cf3ce996784101f5'
version = '0.0.0'
dependencies = []
